// !$*UTF8*$!
{
	archiveVersion = 1;
	classes = {
	};
	objectVersion = 50;
	objects = {

/* Begin PBXBuildFile section */
		0CD92EC121C15F8500480763 /* AppDelegate.swift in Sources */ = {isa = PBXBuildFile; fileRef = 0CD92EC021C15F8500480763 /* AppDelegate.swift */; };
		0CD92EC321C15F8500480763 /* PlayerViewController.swift in Sources */ = {isa = PBXBuildFile; fileRef = 0CD92EC221C15F8500480763 /* PlayerViewController.swift */; };
		0CD92EC621C15F8500480763 /* Main.storyboard in Resources */ = {isa = PBXBuildFile; fileRef = 0CD92EC421C15F8500480763 /* Main.storyboard */; };
		0CD92EC921C15F8500480763 /* Tennis.xcdatamodeld in Sources */ = {isa = PBXBuildFile; fileRef = 0CD92EC721C15F8500480763 /* Tennis.xcdatamodeld */; };
		0CD92ECB21C15F8600480763 /* Assets.xcassets in Resources */ = {isa = PBXBuildFile; fileRef = 0CD92ECA21C15F8600480763 /* Assets.xcassets */; };
		0CD92ECE21C15F8600480763 /* LaunchScreen.storyboard in Resources */ = {isa = PBXBuildFile; fileRef = 0CD92ECC21C15F8600480763 /* LaunchScreen.storyboard */; };
		0CD92ED921C15F8600480763 /* TennisTests.swift in Sources */ = {isa = PBXBuildFile; fileRef = 0CD92ED821C15F8600480763 /* TennisTests.swift */; };
		0CD92EE421C15F8600480763 /* TennisUITests.swift in Sources */ = {isa = PBXBuildFile; fileRef = 0CD92EE321C15F8600480763 /* TennisUITests.swift */; };
		0CD92EF521C160B000480763 /* HomeViewController.swift in Sources */ = {isa = PBXBuildFile; fileRef = 0CD92EF421C160B000480763 /* HomeViewController.swift */; };
		0CD92EF721C160CC00480763 /* DetailViewController.swift in Sources */ = {isa = PBXBuildFile; fileRef = 0CD92EF621C160CC00480763 /* DetailViewController.swift */; };
		0CD92EF921C16F0500480763 /* Ladder.swift in Sources */ = {isa = PBXBuildFile; fileRef = 0CD92EF821C16F0500480763 /* Ladder.swift */; };
		0CD92EFB21C1727500480763 /* CustomCell.swift in Sources */ = {isa = PBXBuildFile; fileRef = 0CD92EFA21C1727500480763 /* CustomCell.swift */; };
		0CD92EFE21C18C8100480763 /* Extensions.swift in Sources */ = {isa = PBXBuildFile; fileRef = 0CD92EFD21C18C8100480763 /* Extensions.swift */; };
		0CD92F0021C1921500480763 /* Player.swift in Sources */ = {isa = PBXBuildFile; fileRef = 0CD92EFF21C1921500480763 /* Player.swift */; };
		0CD92F0221C19A2200480763 /* PlayerCell.swift in Sources */ = {isa = PBXBuildFile; fileRef = 0CD92F0121C19A2200480763 /* PlayerCell.swift */; };
/* End PBXBuildFile section */

/* Begin PBXContainerItemProxy section */
		0CD92ED521C15F8600480763 /* PBXContainerItemProxy */ = {
			isa = PBXContainerItemProxy;
			containerPortal = 0CD92EB521C15F8500480763 /* Project object */;
			proxyType = 1;
			remoteGlobalIDString = 0CD92EBC21C15F8500480763;
			remoteInfo = Tennis;
		};
		0CD92EE021C15F8600480763 /* PBXContainerItemProxy */ = {
			isa = PBXContainerItemProxy;
			containerPortal = 0CD92EB521C15F8500480763 /* Project object */;
			proxyType = 1;
			remoteGlobalIDString = 0CD92EBC21C15F8500480763;
			remoteInfo = Tennis;
		};
/* End PBXContainerItemProxy section */

/* Begin PBXFileReference section */
		0CD92EBD21C15F8500480763 /* TennisLadder.app */ = {isa = PBXFileReference; explicitFileType = wrapper.application; includeInIndex = 0; path = TennisLadder.app; sourceTree = BUILT_PRODUCTS_DIR; };
		0CD92EC021C15F8500480763 /* AppDelegate.swift */ = {isa = PBXFileReference; lastKnownFileType = sourcecode.swift; path = AppDelegate.swift; sourceTree = "<group>"; };
		0CD92EC221C15F8500480763 /* PlayerViewController.swift */ = {isa = PBXFileReference; lastKnownFileType = sourcecode.swift; path = PlayerViewController.swift; sourceTree = "<group>"; };
		0CD92EC521C15F8500480763 /* Base */ = {isa = PBXFileReference; lastKnownFileType = file.storyboard; name = Base; path = Base.lproj/Main.storyboard; sourceTree = "<group>"; };
		0CD92EC821C15F8500480763 /* Tennis.xcdatamodel */ = {isa = PBXFileReference; lastKnownFileType = wrapper.xcdatamodel; path = Tennis.xcdatamodel; sourceTree = "<group>"; };
		0CD92ECA21C15F8600480763 /* Assets.xcassets */ = {isa = PBXFileReference; lastKnownFileType = folder.assetcatalog; path = Assets.xcassets; sourceTree = "<group>"; };
		0CD92ECD21C15F8600480763 /* Base */ = {isa = PBXFileReference; lastKnownFileType = file.storyboard; name = Base; path = Base.lproj/LaunchScreen.storyboard; sourceTree = "<group>"; };
		0CD92ECF21C15F8600480763 /* Info.plist */ = {isa = PBXFileReference; lastKnownFileType = text.plist.xml; path = Info.plist; sourceTree = "<group>"; };
		0CD92ED421C15F8600480763 /* TennisLadderTests.xctest */ = {isa = PBXFileReference; explicitFileType = wrapper.cfbundle; includeInIndex = 0; path = TennisLadderTests.xctest; sourceTree = BUILT_PRODUCTS_DIR; };
		0CD92ED821C15F8600480763 /* TennisTests.swift */ = {isa = PBXFileReference; lastKnownFileType = sourcecode.swift; path = TennisTests.swift; sourceTree = "<group>"; };
		0CD92EDA21C15F8600480763 /* Info.plist */ = {isa = PBXFileReference; lastKnownFileType = text.plist.xml; path = Info.plist; sourceTree = "<group>"; };
		0CD92EDF21C15F8600480763 /* TennisLadderUITests.xctest */ = {isa = PBXFileReference; explicitFileType = wrapper.cfbundle; includeInIndex = 0; path = TennisLadderUITests.xctest; sourceTree = BUILT_PRODUCTS_DIR; };
		0CD92EE321C15F8600480763 /* TennisUITests.swift */ = {isa = PBXFileReference; lastKnownFileType = sourcecode.swift; path = TennisUITests.swift; sourceTree = "<group>"; };
		0CD92EE521C15F8600480763 /* Info.plist */ = {isa = PBXFileReference; lastKnownFileType = text.plist.xml; path = Info.plist; sourceTree = "<group>"; };
		0CD92EF421C160B000480763 /* HomeViewController.swift */ = {isa = PBXFileReference; lastKnownFileType = sourcecode.swift; path = HomeViewController.swift; sourceTree = "<group>"; };
		0CD92EF621C160CC00480763 /* DetailViewController.swift */ = {isa = PBXFileReference; lastKnownFileType = sourcecode.swift; path = DetailViewController.swift; sourceTree = "<group>"; };
		0CD92EF821C16F0500480763 /* Ladder.swift */ = {isa = PBXFileReference; lastKnownFileType = sourcecode.swift; path = Ladder.swift; sourceTree = "<group>"; };
		0CD92EFA21C1727500480763 /* CustomCell.swift */ = {isa = PBXFileReference; lastKnownFileType = sourcecode.swift; path = CustomCell.swift; sourceTree = "<group>"; };
		0CD92EFD21C18C8100480763 /* Extensions.swift */ = {isa = PBXFileReference; lastKnownFileType = sourcecode.swift; path = Extensions.swift; sourceTree = "<group>"; };
		0CD92EFF21C1921500480763 /* Player.swift */ = {isa = PBXFileReference; lastKnownFileType = sourcecode.swift; path = Player.swift; sourceTree = "<group>"; };
		0CD92F0121C19A2200480763 /* PlayerCell.swift */ = {isa = PBXFileReference; lastKnownFileType = sourcecode.swift; path = PlayerCell.swift; sourceTree = "<group>"; };
/* End PBXFileReference section */

/* Begin PBXFrameworksBuildPhase section */
		0CD92EBA21C15F8500480763 /* Frameworks */ = {
			isa = PBXFrameworksBuildPhase;
			buildActionMask = 2147483647;
			files = (
			);
			runOnlyForDeploymentPostprocessing = 0;
		};
		0CD92ED121C15F8600480763 /* Frameworks */ = {
			isa = PBXFrameworksBuildPhase;
			buildActionMask = 2147483647;
			files = (
			);
			runOnlyForDeploymentPostprocessing = 0;
		};
		0CD92EDC21C15F8600480763 /* Frameworks */ = {
			isa = PBXFrameworksBuildPhase;
			buildActionMask = 2147483647;
			files = (
			);
			runOnlyForDeploymentPostprocessing = 0;
		};
/* End PBXFrameworksBuildPhase section */

/* Begin PBXGroup section */
		0CD92EB421C15F8500480763 = {
			isa = PBXGroup;
			children = (
				0CD92EBF21C15F8500480763 /* TennisLadder */,
				0CD92ED721C15F8600480763 /* TennisLadderTests */,
				0CD92EE221C15F8600480763 /* TennisLadderUITests */,
				0CD92EBE21C15F8500480763 /* Products */,
			);
			sourceTree = "<group>";
		};
		0CD92EBE21C15F8500480763 /* Products */ = {
			isa = PBXGroup;
			children = (
				0CD92EBD21C15F8500480763 /* TennisLadder.app */,
				0CD92ED421C15F8600480763 /* TennisLadderTests.xctest */,
				0CD92EDF21C15F8600480763 /* TennisLadderUITests.xctest */,
			);
			name = Products;
			sourceTree = "<group>";
		};
		0CD92EBF21C15F8500480763 /* TennisLadder */ = {
			isa = PBXGroup;
			children = (
				0CD92EFC21C18C6B00480763 /* Support */,
				0CD92EF121C15FC600480763 /* Model */,
				0CD92EF321C15FD600480763 /* Controller */,
				0CD92EF221C15FD100480763 /* View */,
				0CD92ECA21C15F8600480763 /* Assets.xcassets */,
				0CD92ECC21C15F8600480763 /* LaunchScreen.storyboard */,
				0CD92ECF21C15F8600480763 /* Info.plist */,
				0CD92EC721C15F8500480763 /* Tennis.xcdatamodeld */,
			);
			path = TennisLadder;
			sourceTree = "<group>";
		};
		0CD92ED721C15F8600480763 /* TennisLadderTests */ = {
			isa = PBXGroup;
			children = (
				0CD92ED821C15F8600480763 /* TennisTests.swift */,
				0CD92EDA21C15F8600480763 /* Info.plist */,
			);
			path = TennisLadderTests;
			sourceTree = "<group>";
		};
		0CD92EE221C15F8600480763 /* TennisLadderUITests */ = {
			isa = PBXGroup;
			children = (
				0CD92EE321C15F8600480763 /* TennisUITests.swift */,
				0CD92EE521C15F8600480763 /* Info.plist */,
			);
			path = TennisLadderUITests;
			sourceTree = "<group>";
		};
		0CD92EF121C15FC600480763 /* Model */ = {
			isa = PBXGroup;
			children = (
				0CD92EF821C16F0500480763 /* Ladder.swift */,
				0CD92EFF21C1921500480763 /* Player.swift */,
			);
			path = Model;
			sourceTree = "<group>";
		};
		0CD92EF221C15FD100480763 /* View */ = {
			isa = PBXGroup;
			children = (
				0CD92EC421C15F8500480763 /* Main.storyboard */,
				0CD92EFA21C1727500480763 /* CustomCell.swift */,
				0CD92F0121C19A2200480763 /* PlayerCell.swift */,
			);
			path = View;
			sourceTree = "<group>";
		};
		0CD92EF321C15FD600480763 /* Controller */ = {
			isa = PBXGroup;
			children = (
				0CD92EC021C15F8500480763 /* AppDelegate.swift */,
				0CD92EF421C160B000480763 /* HomeViewController.swift */,
				0CD92EC221C15F8500480763 /* PlayerViewController.swift */,
				0CD92EF621C160CC00480763 /* DetailViewController.swift */,
			);
			path = Controller;
			sourceTree = "<group>";
		};
		0CD92EFC21C18C6B00480763 /* Support */ = {
			isa = PBXGroup;
			children = (
				0CD92EFD21C18C8100480763 /* Extensions.swift */,
			);
			path = Support;
			sourceTree = "<group>";
		};
/* End PBXGroup section */

/* Begin PBXNativeTarget section */
		0CD92EBC21C15F8500480763 /* TennisLadder */ = {
			isa = PBXNativeTarget;
			buildConfigurationList = 0CD92EE821C15F8600480763 /* Build configuration list for PBXNativeTarget "TennisLadder" */;
			buildPhases = (
				0CD92EB921C15F8500480763 /* Sources */,
				0CD92EBA21C15F8500480763 /* Frameworks */,
				0CD92EBB21C15F8500480763 /* Resources */,
			);
			buildRules = (
			);
			dependencies = (
			);
			name = TennisLadder;
			productName = Tennis;
			productReference = 0CD92EBD21C15F8500480763 /* TennisLadder.app */;
			productType = "com.apple.product-type.application";
		};
		0CD92ED321C15F8600480763 /* TennisLadderTests */ = {
			isa = PBXNativeTarget;
			buildConfigurationList = 0CD92EEB21C15F8600480763 /* Build configuration list for PBXNativeTarget "TennisLadderTests" */;
			buildPhases = (
				0CD92ED021C15F8600480763 /* Sources */,
				0CD92ED121C15F8600480763 /* Frameworks */,
				0CD92ED221C15F8600480763 /* Resources */,
			);
			buildRules = (
			);
			dependencies = (
				0CD92ED621C15F8600480763 /* PBXTargetDependency */,
			);
			name = TennisLadderTests;
			productName = TennisTests;
			productReference = 0CD92ED421C15F8600480763 /* TennisLadderTests.xctest */;
			productType = "com.apple.product-type.bundle.unit-test";
		};
		0CD92EDE21C15F8600480763 /* TennisLadderUITests */ = {
			isa = PBXNativeTarget;
			buildConfigurationList = 0CD92EEE21C15F8600480763 /* Build configuration list for PBXNativeTarget "TennisLadderUITests" */;
			buildPhases = (
				0CD92EDB21C15F8600480763 /* Sources */,
				0CD92EDC21C15F8600480763 /* Frameworks */,
				0CD92EDD21C15F8600480763 /* Resources */,
			);
			buildRules = (
			);
			dependencies = (
				0CD92EE121C15F8600480763 /* PBXTargetDependency */,
			);
			name = TennisLadderUITests;
			productName = TennisUITests;
			productReference = 0CD92EDF21C15F8600480763 /* TennisLadderUITests.xctest */;
			productType = "com.apple.product-type.bundle.ui-testing";
		};
/* End PBXNativeTarget section */

/* Begin PBXProject section */
		0CD92EB521C15F8500480763 /* Project object */ = {
			isa = PBXProject;
			attributes = {
				LastSwiftUpdateCheck = 1010;
				LastUpgradeCheck = 1010;
				ORGANIZATIONNAME = "Z Tai";
				TargetAttributes = {
					0CD92EBC21C15F8500480763 = {
						CreatedOnToolsVersion = 10.1;
					};
					0CD92ED321C15F8600480763 = {
						CreatedOnToolsVersion = 10.1;
						TestTargetID = 0CD92EBC21C15F8500480763;
					};
					0CD92EDE21C15F8600480763 = {
						CreatedOnToolsVersion = 10.1;
						TestTargetID = 0CD92EBC21C15F8500480763;
					};
				};
			};
			buildConfigurationList = 0CD92EB821C15F8500480763 /* Build configuration list for PBXProject "TennisLadder" */;
			compatibilityVersion = "Xcode 9.3";
			developmentRegion = en;
			hasScannedForEncodings = 0;
			knownRegions = (
				en,
				Base,
			);
			mainGroup = 0CD92EB421C15F8500480763;
			productRefGroup = 0CD92EBE21C15F8500480763 /* Products */;
			projectDirPath = "";
			projectRoot = "";
			targets = (
				0CD92EBC21C15F8500480763 /* TennisLadder */,
				0CD92ED321C15F8600480763 /* TennisLadderTests */,
				0CD92EDE21C15F8600480763 /* TennisLadderUITests */,
			);
		};
/* End PBXProject section */

/* Begin PBXResourcesBuildPhase section */
		0CD92EBB21C15F8500480763 /* Resources */ = {
			isa = PBXResourcesBuildPhase;
			buildActionMask = 2147483647;
			files = (
				0CD92ECE21C15F8600480763 /* LaunchScreen.storyboard in Resources */,
				0CD92ECB21C15F8600480763 /* Assets.xcassets in Resources */,
				0CD92EC621C15F8500480763 /* Main.storyboard in Resources */,
			);
			runOnlyForDeploymentPostprocessing = 0;
		};
		0CD92ED221C15F8600480763 /* Resources */ = {
			isa = PBXResourcesBuildPhase;
			buildActionMask = 2147483647;
			files = (
			);
			runOnlyForDeploymentPostprocessing = 0;
		};
		0CD92EDD21C15F8600480763 /* Resources */ = {
			isa = PBXResourcesBuildPhase;
			buildActionMask = 2147483647;
			files = (
			);
			runOnlyForDeploymentPostprocessing = 0;
		};
/* End PBXResourcesBuildPhase section */

/* Begin PBXSourcesBuildPhase section */
		0CD92EB921C15F8500480763 /* Sources */ = {
			isa = PBXSourcesBuildPhase;
			buildActionMask = 2147483647;
			files = (
				0CD92EC321C15F8500480763 /* PlayerViewController.swift in Sources */,
				0CD92EC921C15F8500480763 /* Tennis.xcdatamodeld in Sources */,
				0CD92EF721C160CC00480763 /* DetailViewController.swift in Sources */,
				0CD92EFE21C18C8100480763 /* Extensions.swift in Sources */,
				0CD92F0221C19A2200480763 /* PlayerCell.swift in Sources */,
				0CD92EFB21C1727500480763 /* CustomCell.swift in Sources */,
				0CD92EF921C16F0500480763 /* Ladder.swift in Sources */,
				0CD92EC121C15F8500480763 /* AppDelegate.swift in Sources */,
				0CD92F0021C1921500480763 /* Player.swift in Sources */,
				0CD92EF521C160B000480763 /* HomeViewController.swift in Sources */,
			);
			runOnlyForDeploymentPostprocessing = 0;
		};
		0CD92ED021C15F8600480763 /* Sources */ = {
			isa = PBXSourcesBuildPhase;
			buildActionMask = 2147483647;
			files = (
				0CD92ED921C15F8600480763 /* TennisTests.swift in Sources */,
			);
			runOnlyForDeploymentPostprocessing = 0;
		};
		0CD92EDB21C15F8600480763 /* Sources */ = {
			isa = PBXSourcesBuildPhase;
			buildActionMask = 2147483647;
			files = (
				0CD92EE421C15F8600480763 /* TennisUITests.swift in Sources */,
			);
			runOnlyForDeploymentPostprocessing = 0;
		};
/* End PBXSourcesBuildPhase section */

/* Begin PBXTargetDependency section */
		0CD92ED621C15F8600480763 /* PBXTargetDependency */ = {
			isa = PBXTargetDependency;
			target = 0CD92EBC21C15F8500480763 /* TennisLadder */;
			targetProxy = 0CD92ED521C15F8600480763 /* PBXContainerItemProxy */;
		};
		0CD92EE121C15F8600480763 /* PBXTargetDependency */ = {
			isa = PBXTargetDependency;
			target = 0CD92EBC21C15F8500480763 /* TennisLadder */;
			targetProxy = 0CD92EE021C15F8600480763 /* PBXContainerItemProxy */;
		};
/* End PBXTargetDependency section */

/* Begin PBXVariantGroup section */
		0CD92EC421C15F8500480763 /* Main.storyboard */ = {
			isa = PBXVariantGroup;
			children = (
				0CD92EC521C15F8500480763 /* Base */,
			);
			name = Main.storyboard;
			sourceTree = "<group>";
		};
		0CD92ECC21C15F8600480763 /* LaunchScreen.storyboard */ = {
			isa = PBXVariantGroup;
			children = (
				0CD92ECD21C15F8600480763 /* Base */,
			);
			name = LaunchScreen.storyboard;
			sourceTree = "<group>";
		};
/* End PBXVariantGroup section */

/* Begin XCBuildConfiguration section */
		0CD92EE621C15F8600480763 /* Debug */ = {
			isa = XCBuildConfiguration;
			buildSettings = {
				ALWAYS_SEARCH_USER_PATHS = NO;
				CLANG_ANALYZER_NONNULL = YES;
				CLANG_ANALYZER_NUMBER_OBJECT_CONVERSION = YES_AGGRESSIVE;
				CLANG_CXX_LANGUAGE_STANDARD = "gnu++14";
				CLANG_CXX_LIBRARY = "libc++";
				CLANG_ENABLE_MODULES = YES;
				CLANG_ENABLE_OBJC_ARC = YES;
				CLANG_ENABLE_OBJC_WEAK = YES;
				CLANG_WARN_BLOCK_CAPTURE_AUTORELEASING = YES;
				CLANG_WARN_BOOL_CONVERSION = YES;
				CLANG_WARN_COMMA = YES;
				CLANG_WARN_CONSTANT_CONVERSION = YES;
				CLANG_WARN_DEPRECATED_OBJC_IMPLEMENTATIONS = YES;
				CLANG_WARN_DIRECT_OBJC_ISA_USAGE = YES_ERROR;
				CLANG_WARN_DOCUMENTATION_COMMENTS = YES;
				CLANG_WARN_EMPTY_BODY = YES;
				CLANG_WARN_ENUM_CONVERSION = YES;
				CLANG_WARN_INFINITE_RECURSION = YES;
				CLANG_WARN_INT_CONVERSION = YES;
				CLANG_WARN_NON_LITERAL_NULL_CONVERSION = YES;
				CLANG_WARN_OBJC_IMPLICIT_RETAIN_SELF = YES;
				CLANG_WARN_OBJC_LITERAL_CONVERSION = YES;
				CLANG_WARN_OBJC_ROOT_CLASS = YES_ERROR;
				CLANG_WARN_RANGE_LOOP_ANALYSIS = YES;
				CLANG_WARN_STRICT_PROTOTYPES = YES;
				CLANG_WARN_SUSPICIOUS_MOVE = YES;
				CLANG_WARN_UNGUARDED_AVAILABILITY = YES_AGGRESSIVE;
				CLANG_WARN_UNREACHABLE_CODE = YES;
				CLANG_WARN__DUPLICATE_METHOD_MATCH = YES;
				CODE_SIGN_IDENTITY = "iPhone Developer";
				COPY_PHASE_STRIP = NO;
				DEBUG_INFORMATION_FORMAT = dwarf;
				ENABLE_STRICT_OBJC_MSGSEND = YES;
				ENABLE_TESTABILITY = YES;
				GCC_C_LANGUAGE_STANDARD = gnu11;
				GCC_DYNAMIC_NO_PIC = NO;
				GCC_NO_COMMON_BLOCKS = YES;
				GCC_OPTIMIZATION_LEVEL = 0;
				GCC_PREPROCESSOR_DEFINITIONS = (
					"DEBUG=1",
					"$(inherited)",
				);
				GCC_WARN_64_TO_32_BIT_CONVERSION = YES;
				GCC_WARN_ABOUT_RETURN_TYPE = YES_ERROR;
				GCC_WARN_UNDECLARED_SELECTOR = YES;
				GCC_WARN_UNINITIALIZED_AUTOS = YES_AGGRESSIVE;
				GCC_WARN_UNUSED_FUNCTION = YES;
				GCC_WARN_UNUSED_VARIABLE = YES;
				IPHONEOS_DEPLOYMENT_TARGET = 12.1;
				MTL_ENABLE_DEBUG_INFO = INCLUDE_SOURCE;
				MTL_FAST_MATH = YES;
				ONLY_ACTIVE_ARCH = YES;
				SDKROOT = iphoneos;
				SWIFT_ACTIVE_COMPILATION_CONDITIONS = DEBUG;
				SWIFT_OPTIMIZATION_LEVEL = "-Onone";
			};
			name = Debug;
		};
		0CD92EE721C15F8600480763 /* Release */ = {
			isa = XCBuildConfiguration;
			buildSettings = {
				ALWAYS_SEARCH_USER_PATHS = NO;
				CLANG_ANALYZER_NONNULL = YES;
				CLANG_ANALYZER_NUMBER_OBJECT_CONVERSION = YES_AGGRESSIVE;
				CLANG_CXX_LANGUAGE_STANDARD = "gnu++14";
				CLANG_CXX_LIBRARY = "libc++";
				CLANG_ENABLE_MODULES = YES;
				CLANG_ENABLE_OBJC_ARC = YES;
				CLANG_ENABLE_OBJC_WEAK = YES;
				CLANG_WARN_BLOCK_CAPTURE_AUTORELEASING = YES;
				CLANG_WARN_BOOL_CONVERSION = YES;
				CLANG_WARN_COMMA = YES;
				CLANG_WARN_CONSTANT_CONVERSION = YES;
				CLANG_WARN_DEPRECATED_OBJC_IMPLEMENTATIONS = YES;
				CLANG_WARN_DIRECT_OBJC_ISA_USAGE = YES_ERROR;
				CLANG_WARN_DOCUMENTATION_COMMENTS = YES;
				CLANG_WARN_EMPTY_BODY = YES;
				CLANG_WARN_ENUM_CONVERSION = YES;
				CLANG_WARN_INFINITE_RECURSION = YES;
				CLANG_WARN_INT_CONVERSION = YES;
				CLANG_WARN_NON_LITERAL_NULL_CONVERSION = YES;
				CLANG_WARN_OBJC_IMPLICIT_RETAIN_SELF = YES;
				CLANG_WARN_OBJC_LITERAL_CONVERSION = YES;
				CLANG_WARN_OBJC_ROOT_CLASS = YES_ERROR;
				CLANG_WARN_RANGE_LOOP_ANALYSIS = YES;
				CLANG_WARN_STRICT_PROTOTYPES = YES;
				CLANG_WARN_SUSPICIOUS_MOVE = YES;
				CLANG_WARN_UNGUARDED_AVAILABILITY = YES_AGGRESSIVE;
				CLANG_WARN_UNREACHABLE_CODE = YES;
				CLANG_WARN__DUPLICATE_METHOD_MATCH = YES;
				CODE_SIGN_IDENTITY = "iPhone Developer";
				COPY_PHASE_STRIP = NO;
				DEBUG_INFORMATION_FORMAT = "dwarf-with-dsym";
				ENABLE_NS_ASSERTIONS = NO;
				ENABLE_STRICT_OBJC_MSGSEND = YES;
				GCC_C_LANGUAGE_STANDARD = gnu11;
				GCC_NO_COMMON_BLOCKS = YES;
				GCC_WARN_64_TO_32_BIT_CONVERSION = YES;
				GCC_WARN_ABOUT_RETURN_TYPE = YES_ERROR;
				GCC_WARN_UNDECLARED_SELECTOR = YES;
				GCC_WARN_UNINITIALIZED_AUTOS = YES_AGGRESSIVE;
				GCC_WARN_UNUSED_FUNCTION = YES;
				GCC_WARN_UNUSED_VARIABLE = YES;
				IPHONEOS_DEPLOYMENT_TARGET = 12.1;
				MTL_ENABLE_DEBUG_INFO = NO;
				MTL_FAST_MATH = YES;
				SDKROOT = iphoneos;
				SWIFT_COMPILATION_MODE = wholemodule;
				SWIFT_OPTIMIZATION_LEVEL = "-O";
				VALIDATE_PRODUCT = YES;
			};
			name = Release;
		};
		0CD92EE921C15F8600480763 /* Debug */ = {
			isa = XCBuildConfiguration;
			buildSettings = {
				ASSETCATALOG_COMPILER_APPICON_NAME = AppIcon;
				CODE_SIGN_STYLE = Automatic;
				DEVELOPMENT_TEAM = TN3XLNWBJ8;
				INFOPLIST_FILE = TennisLadder/Info.plist;
				LD_RUNPATH_SEARCH_PATHS = (
					"$(inherited)",
					"@executable_path/Frameworks",
				);
				PRODUCT_BUNDLE_IDENTIFIER = "com.romell4.tennis-ladder";
				PRODUCT_NAME = "$(TARGET_NAME)";
				SWIFT_VERSION = 4.2;
				TARGETED_DEVICE_FAMILY = "1,2";
			};
			name = Debug;
		};
		0CD92EEA21C15F8600480763 /* Release */ = {
			isa = XCBuildConfiguration;
			buildSettings = {
				ASSETCATALOG_COMPILER_APPICON_NAME = AppIcon;
				CODE_SIGN_STYLE = Automatic;
				DEVELOPMENT_TEAM = TN3XLNWBJ8;
				INFOPLIST_FILE = TennisLadder/Info.plist;
				LD_RUNPATH_SEARCH_PATHS = (
					"$(inherited)",
					"@executable_path/Frameworks",
				);
				PRODUCT_BUNDLE_IDENTIFIER = "com.romell4.tennis-ladder";
				PRODUCT_NAME = "$(TARGET_NAME)";
				SWIFT_VERSION = 4.2;
				TARGETED_DEVICE_FAMILY = "1,2";
			};
			name = Release;
		};
		0CD92EEC21C15F8600480763 /* Debug */ = {
			isa = XCBuildConfiguration;
			buildSettings = {
				ALWAYS_EMBED_SWIFT_STANDARD_LIBRARIES = YES;
				BUNDLE_LOADER = "$(TEST_HOST)";
				CODE_SIGN_STYLE = Automatic;
				INFOPLIST_FILE = TennisTests/Info.plist;
				LD_RUNPATH_SEARCH_PATHS = (
					"$(inherited)",
					"@executable_path/Frameworks",
					"@loader_path/Frameworks",
				);
				PRODUCT_BUNDLE_IDENTIFIER = byuapps.TennisTests;
				PRODUCT_NAME = "$(TARGET_NAME)";
				SWIFT_VERSION = 4.2;
				TARGETED_DEVICE_FAMILY = "1,2";
				TEST_HOST = "$(BUILT_PRODUCTS_DIR)/Tennis.app/Tennis";
			};
			name = Debug;
		};
		0CD92EED21C15F8600480763 /* Release */ = {
			isa = XCBuildConfiguration;
			buildSettings = {
				ALWAYS_EMBED_SWIFT_STANDARD_LIBRARIES = YES;
				BUNDLE_LOADER = "$(TEST_HOST)";
				CODE_SIGN_STYLE = Automatic;
				INFOPLIST_FILE = TennisTests/Info.plist;
				LD_RUNPATH_SEARCH_PATHS = (
					"$(inherited)",
					"@executable_path/Frameworks",
					"@loader_path/Frameworks",
				);
				PRODUCT_BUNDLE_IDENTIFIER = byuapps.TennisTests;
				PRODUCT_NAME = "$(TARGET_NAME)";
				SWIFT_VERSION = 4.2;
				TARGETED_DEVICE_FAMILY = "1,2";
				TEST_HOST = "$(BUILT_PRODUCTS_DIR)/Tennis.app/Tennis";
			};
			name = Release;
		};
		0CD92EEF21C15F8600480763 /* Debug */ = {
			isa = XCBuildConfiguration;
			buildSettings = {
				ALWAYS_EMBED_SWIFT_STANDARD_LIBRARIES = YES;
				CODE_SIGN_STYLE = Automatic;
				INFOPLIST_FILE = TennisUITests/Info.plist;
				LD_RUNPATH_SEARCH_PATHS = (
					"$(inherited)",
					"@executable_path/Frameworks",
					"@loader_path/Frameworks",
				);
				PRODUCT_BUNDLE_IDENTIFIER = byuapps.TennisUITests;
				PRODUCT_NAME = "$(TARGET_NAME)";
				SWIFT_VERSION = 4.2;
				TARGETED_DEVICE_FAMILY = "1,2";
				TEST_TARGET_NAME = Tennis;
			};
			name = Debug;
		};
		0CD92EF021C15F8600480763 /* Release */ = {
			isa = XCBuildConfiguration;
			buildSettings = {
				ALWAYS_EMBED_SWIFT_STANDARD_LIBRARIES = YES;
				CODE_SIGN_STYLE = Automatic;
				INFOPLIST_FILE = TennisUITests/Info.plist;
				LD_RUNPATH_SEARCH_PATHS = (
					"$(inherited)",
					"@executable_path/Frameworks",
					"@loader_path/Frameworks",
				);
				PRODUCT_BUNDLE_IDENTIFIER = byuapps.TennisUITests;
				PRODUCT_NAME = "$(TARGET_NAME)";
				SWIFT_VERSION = 4.2;
				TARGETED_DEVICE_FAMILY = "1,2";
				TEST_TARGET_NAME = Tennis;
			};
			name = Release;
		};
/* End XCBuildConfiguration section */

/* Begin XCConfigurationList section */
		0CD92EB821C15F8500480763 /* Build configuration list for PBXProject "TennisLadder" */ = {
			isa = XCConfigurationList;
			buildConfigurations = (
				0CD92EE621C15F8600480763 /* Debug */,
				0CD92EE721C15F8600480763 /* Release */,
			);
			defaultConfigurationIsVisible = 0;
			defaultConfigurationName = Release;
		};
		0CD92EE821C15F8600480763 /* Build configuration list for PBXNativeTarget "TennisLadder" */ = {
			isa = XCConfigurationList;
			buildConfigurations = (
				0CD92EE921C15F8600480763 /* Debug */,
				0CD92EEA21C15F8600480763 /* Release */,
			);
			defaultConfigurationIsVisible = 0;
			defaultConfigurationName = Release;
		};
		0CD92EEB21C15F8600480763 /* Build configuration list for PBXNativeTarget "TennisLadderTests" */ = {
			isa = XCConfigurationList;
			buildConfigurations = (
				0CD92EEC21C15F8600480763 /* Debug */,
				0CD92EED21C15F8600480763 /* Release */,
			);
			defaultConfigurationIsVisible = 0;
			defaultConfigurationName = Release;
		};
		0CD92EEE21C15F8600480763 /* Build configuration list for PBXNativeTarget "TennisLadderUITests" */ = {
			isa = XCConfigurationList;
			buildConfigurations = (
				0CD92EEF21C15F8600480763 /* Debug */,
				0CD92EF021C15F8600480763 /* Release */,
			);
			defaultConfigurationIsVisible = 0;
			defaultConfigurationName = Release;
		};
/* End XCConfigurationList section */

/* Begin XCVersionGroup section */
		0CD92EC721C15F8500480763 /* Tennis.xcdatamodeld */ = {
			isa = XCVersionGroup;
			children = (
				0CD92EC821C15F8500480763 /* Tennis.xcdatamodel */,
			);
			currentVersion = 0CD92EC821C15F8500480763 /* Tennis.xcdatamodel */;
			path = Tennis.xcdatamodeld;
			sourceTree = "<group>";
			versionGroupType = wrapper.xcdatamodel;
		};
/* End XCVersionGroup section */
	};
	rootObject = 0CD92EB521C15F8500480763 /* Project object */;
}
