// !$*UTF8*$!
{
	archiveVersion = 1;
	classes = {
	};
	objectVersion = 51;
	objects = {

/* Begin PBXBuildFile section */
		0C3AFFF321E53AB800360F8F /* ServerError.swift in Sources */ = {isa = PBXBuildFile; fileRef = 0C3AFFF221E53AB800360F8F /* ServerError.swift */; };
		0C3CCE9E21CAB3A1005CBE57 /* Endpoints.swift in Sources */ = {isa = PBXBuildFile; fileRef = 0C3CCE9D21CAB3A1005CBE57 /* Endpoints.swift */; };
		0C3CCEA021CCA0F3005CBE57 /* Match.swift in Sources */ = {isa = PBXBuildFile; fileRef = 0C3CCE9F21CCA0F3005CBE57 /* Match.swift */; };
		0C5E77A021D6762A00E6BAC9 /* ReportMatchViewController.swift in Sources */ = {isa = PBXBuildFile; fileRef = 0C5E779C21D6762A00E6BAC9 /* ReportMatchViewController.swift */; };
		0C5E77A121D6762A00E6BAC9 /* PlayerViewController.swift in Sources */ = {isa = PBXBuildFile; fileRef = 0C5E779D21D6762A00E6BAC9 /* PlayerViewController.swift */; };
		0C5E77A321D6762A00E6BAC9 /* LadderViewController.swift in Sources */ = {isa = PBXBuildFile; fileRef = 0C5E779F21D6762A00E6BAC9 /* LadderViewController.swift */; };
		0CACC7FB22222AF400D804E7 /* ProfileInfoTableViewCell.swift in Sources */ = {isa = PBXBuildFile; fileRef = 0CACC7FA22222AF400D804E7 /* ProfileInfoTableViewCell.swift */; };
		0CC4B1F821EC1B95003B6FBB /* ProfileViewController.swift in Sources */ = {isa = PBXBuildFile; fileRef = 0CC4B1F721EC1B95003B6FBB /* ProfileViewController.swift */; };
		0CC4B1FC21EC3ED4003B6FBB /* TLUser.swift in Sources */ = {isa = PBXBuildFile; fileRef = 0CC4B1FB21EC3ED4003B6FBB /* TLUser.swift */; };
		0CC4B20021ED5D57003B6FBB /* MatchTableViewCell.swift in Sources */ = {isa = PBXBuildFile; fileRef = 0CC4B1FF21ED5D57003B6FBB /* MatchTableViewCell.swift */; };
		0CD92EC121C15F8500480763 /* AppDelegate.swift in Sources */ = {isa = PBXBuildFile; fileRef = 0CD92EC021C15F8500480763 /* AppDelegate.swift */; };
		0CD92EC621C15F8500480763 /* Main.storyboard in Resources */ = {isa = PBXBuildFile; fileRef = 0CD92EC421C15F8500480763 /* Main.storyboard */; };
		0CD92ECB21C15F8600480763 /* Assets.xcassets in Resources */ = {isa = PBXBuildFile; fileRef = 0CD92ECA21C15F8600480763 /* Assets.xcassets */; };
		0CD92ECE21C15F8600480763 /* LaunchScreen.storyboard in Resources */ = {isa = PBXBuildFile; fileRef = 0CD92ECC21C15F8600480763 /* LaunchScreen.storyboard */; };
		0CD92EF521C160B000480763 /* MainViewController.swift in Sources */ = {isa = PBXBuildFile; fileRef = 0CD92EF421C160B000480763 /* MainViewController.swift */; };
		0CD92EF921C16F0500480763 /* Ladder.swift in Sources */ = {isa = PBXBuildFile; fileRef = 0CD92EF821C16F0500480763 /* Ladder.swift */; };
		0CD92EFB21C1727500480763 /* LadderTableViewCell.swift in Sources */ = {isa = PBXBuildFile; fileRef = 0CD92EFA21C1727500480763 /* LadderTableViewCell.swift */; };
		0CD92EFE21C18C8100480763 /* Extensions.swift in Sources */ = {isa = PBXBuildFile; fileRef = 0CD92EFD21C18C8100480763 /* Extensions.swift */; };
		0CD92F0021C1921500480763 /* Player.swift in Sources */ = {isa = PBXBuildFile; fileRef = 0CD92EFF21C1921500480763 /* Player.swift */; };
		0CD92F0221C19A2200480763 /* PlayerTableViewCell.swift in Sources */ = {isa = PBXBuildFile; fileRef = 0CD92F0121C19A2200480763 /* PlayerTableViewCell.swift */; };
		7F12B61E21D83E4000B9019C /* GoogleService-Info.plist in Resources */ = {isa = PBXBuildFile; fileRef = 7F12B61D21D83E4000B9019C /* GoogleService-Info.plist */; };
		BAB87F969B2F836BA1BFEB7F /* Pods_TennisLadder.framework in Frameworks */ = {isa = PBXBuildFile; fileRef = A83618983DD274FE9A2D8A1B /* Pods_TennisLadder.framework */; };
		F887E7E5281B47AC00C9F9E4 /* TLNavigationController.swift in Sources */ = {isa = PBXBuildFile; fileRef = F887E7E4281B47AC00C9F9E4 /* TLNavigationController.swift */; };
/* End PBXBuildFile section */

/* Begin PBXFileReference section */
		0C31651C21E9444F0067108A /* TennisLadder.entitlements */ = {isa = PBXFileReference; lastKnownFileType = text.plist.entitlements; path = TennisLadder.entitlements; sourceTree = "<group>"; };
		0C3AFFF221E53AB800360F8F /* ServerError.swift */ = {isa = PBXFileReference; lastKnownFileType = sourcecode.swift; path = ServerError.swift; sourceTree = "<group>"; };
		0C3CCE9D21CAB3A1005CBE57 /* Endpoints.swift */ = {isa = PBXFileReference; lastKnownFileType = sourcecode.swift; path = Endpoints.swift; sourceTree = "<group>"; };
		0C3CCE9F21CCA0F3005CBE57 /* Match.swift */ = {isa = PBXFileReference; lastKnownFileType = sourcecode.swift; path = Match.swift; sourceTree = "<group>"; };
		0C5E779C21D6762A00E6BAC9 /* ReportMatchViewController.swift */ = {isa = PBXFileReference; fileEncoding = 4; lastKnownFileType = sourcecode.swift; path = ReportMatchViewController.swift; sourceTree = "<group>"; };
		0C5E779D21D6762A00E6BAC9 /* PlayerViewController.swift */ = {isa = PBXFileReference; fileEncoding = 4; lastKnownFileType = sourcecode.swift; path = PlayerViewController.swift; sourceTree = "<group>"; };
		0C5E779F21D6762A00E6BAC9 /* LadderViewController.swift */ = {isa = PBXFileReference; fileEncoding = 4; lastKnownFileType = sourcecode.swift; path = LadderViewController.swift; sourceTree = "<group>"; };
		0CACC7FA22222AF400D804E7 /* ProfileInfoTableViewCell.swift */ = {isa = PBXFileReference; lastKnownFileType = sourcecode.swift; path = ProfileInfoTableViewCell.swift; sourceTree = "<group>"; };
		0CC4B1F721EC1B95003B6FBB /* ProfileViewController.swift */ = {isa = PBXFileReference; lastKnownFileType = sourcecode.swift; path = ProfileViewController.swift; sourceTree = "<group>"; };
		0CC4B1FB21EC3ED4003B6FBB /* TLUser.swift */ = {isa = PBXFileReference; lastKnownFileType = sourcecode.swift; path = TLUser.swift; sourceTree = "<group>"; };
		0CC4B1FF21ED5D57003B6FBB /* MatchTableViewCell.swift */ = {isa = PBXFileReference; lastKnownFileType = sourcecode.swift; path = MatchTableViewCell.swift; sourceTree = "<group>"; };
		0CD92EBD21C15F8500480763 /* TennisLadder.app */ = {isa = PBXFileReference; explicitFileType = wrapper.application; includeInIndex = 0; path = TennisLadder.app; sourceTree = BUILT_PRODUCTS_DIR; };
		0CD92EC021C15F8500480763 /* AppDelegate.swift */ = {isa = PBXFileReference; lastKnownFileType = sourcecode.swift; path = AppDelegate.swift; sourceTree = "<group>"; };
		0CD92EC521C15F8500480763 /* Base */ = {isa = PBXFileReference; lastKnownFileType = file.storyboard; name = Base; path = Base.lproj/Main.storyboard; sourceTree = "<group>"; };
		0CD92ECA21C15F8600480763 /* Assets.xcassets */ = {isa = PBXFileReference; lastKnownFileType = folder.assetcatalog; path = Assets.xcassets; sourceTree = "<group>"; };
		0CD92ECD21C15F8600480763 /* Base */ = {isa = PBXFileReference; lastKnownFileType = file.storyboard; name = Base; path = Base.lproj/LaunchScreen.storyboard; sourceTree = "<group>"; };
		0CD92ECF21C15F8600480763 /* Info.plist */ = {isa = PBXFileReference; lastKnownFileType = text.plist.xml; path = Info.plist; sourceTree = "<group>"; };
		0CD92EF421C160B000480763 /* MainViewController.swift */ = {isa = PBXFileReference; lastKnownFileType = sourcecode.swift; path = MainViewController.swift; sourceTree = "<group>"; };
		0CD92EF821C16F0500480763 /* Ladder.swift */ = {isa = PBXFileReference; lastKnownFileType = sourcecode.swift; path = Ladder.swift; sourceTree = "<group>"; };
		0CD92EFA21C1727500480763 /* LadderTableViewCell.swift */ = {isa = PBXFileReference; lastKnownFileType = sourcecode.swift; path = LadderTableViewCell.swift; sourceTree = "<group>"; };
		0CD92EFD21C18C8100480763 /* Extensions.swift */ = {isa = PBXFileReference; lastKnownFileType = sourcecode.swift; path = Extensions.swift; sourceTree = "<group>"; };
		0CD92EFF21C1921500480763 /* Player.swift */ = {isa = PBXFileReference; lastKnownFileType = sourcecode.swift; path = Player.swift; sourceTree = "<group>"; };
		0CD92F0121C19A2200480763 /* PlayerTableViewCell.swift */ = {isa = PBXFileReference; lastKnownFileType = sourcecode.swift; path = PlayerTableViewCell.swift; sourceTree = "<group>"; };
		4F9180E292F5EBAC27967091 /* Pods-TennisLadder.debug.xcconfig */ = {isa = PBXFileReference; includeInIndex = 1; lastKnownFileType = text.xcconfig; name = "Pods-TennisLadder.debug.xcconfig"; path = "Pods/Target Support Files/Pods-TennisLadder/Pods-TennisLadder.debug.xcconfig"; sourceTree = "<group>"; };
		7F12B61D21D83E4000B9019C /* GoogleService-Info.plist */ = {isa = PBXFileReference; fileEncoding = 4; lastKnownFileType = text.plist.xml; path = "GoogleService-Info.plist"; sourceTree = "<group>"; };
		A83618983DD274FE9A2D8A1B /* Pods_TennisLadder.framework */ = {isa = PBXFileReference; explicitFileType = wrapper.framework; includeInIndex = 0; path = Pods_TennisLadder.framework; sourceTree = BUILT_PRODUCTS_DIR; };
		D4E4BB323CF0F78FCE102409 /* Pods-TennisLadder.release.xcconfig */ = {isa = PBXFileReference; includeInIndex = 1; lastKnownFileType = text.xcconfig; name = "Pods-TennisLadder.release.xcconfig"; path = "Pods/Target Support Files/Pods-TennisLadder/Pods-TennisLadder.release.xcconfig"; sourceTree = "<group>"; };
		F887E7E4281B47AC00C9F9E4 /* TLNavigationController.swift */ = {isa = PBXFileReference; lastKnownFileType = sourcecode.swift; path = TLNavigationController.swift; sourceTree = "<group>"; };
/* End PBXFileReference section */

/* Begin PBXFrameworksBuildPhase section */
		0CD92EBA21C15F8500480763 /* Frameworks */ = {
			isa = PBXFrameworksBuildPhase;
			buildActionMask = 2147483647;
			files = (
				BAB87F969B2F836BA1BFEB7F /* Pods_TennisLadder.framework in Frameworks */,
			);
			runOnlyForDeploymentPostprocessing = 0;
		};
/* End PBXFrameworksBuildPhase section */

/* Begin PBXGroup section */
		0CD92EB421C15F8500480763 = {
			isa = PBXGroup;
			children = (
				0CD92EBF21C15F8500480763 /* TennisLadder */,
				0CD92EBE21C15F8500480763 /* Products */,
				A4FCBE9759D24AC95D403A16 /* Pods */,
				1472E700A6F3942EADABB29E /* Frameworks */,
			);
			sourceTree = "<group>";
		};
		0CD92EBE21C15F8500480763 /* Products */ = {
			isa = PBXGroup;
			children = (
				0CD92EBD21C15F8500480763 /* TennisLadder.app */,
			);
			name = Products;
			sourceTree = "<group>";
		};
		0CD92EBF21C15F8500480763 /* TennisLadder */ = {
			isa = PBXGroup;
			children = (
				0C31651C21E9444F0067108A /* TennisLadder.entitlements */,
				0CD92EFC21C18C6B00480763 /* Support */,
				0CD92EF121C15FC600480763 /* Model */,
				0CD92EF321C15FD600480763 /* Controller */,
				0CD92EF221C15FD100480763 /* View */,
				0CD92ECA21C15F8600480763 /* Assets.xcassets */,
				0CD92ECC21C15F8600480763 /* LaunchScreen.storyboard */,
				7F12B61D21D83E4000B9019C /* GoogleService-Info.plist */,
				0CD92ECF21C15F8600480763 /* Info.plist */,
			);
			path = TennisLadder;
			sourceTree = "<group>";
		};
		0CD92EF121C15FC600480763 /* Model */ = {
			isa = PBXGroup;
			children = (
				0C3CCE9D21CAB3A1005CBE57 /* Endpoints.swift */,
				0CC4B1FB21EC3ED4003B6FBB /* TLUser.swift */,
				0CD92EF821C16F0500480763 /* Ladder.swift */,
				0CD92EFF21C1921500480763 /* Player.swift */,
				0C3CCE9F21CCA0F3005CBE57 /* Match.swift */,
				0C3AFFF221E53AB800360F8F /* ServerError.swift */,
			);
			path = Model;
			sourceTree = "<group>";
		};
		0CD92EF221C15FD100480763 /* View */ = {
			isa = PBXGroup;
			children = (
				0CD92EC421C15F8500480763 /* Main.storyboard */,
				0CD92EFA21C1727500480763 /* LadderTableViewCell.swift */,
				0CACC7FA22222AF400D804E7 /* ProfileInfoTableViewCell.swift */,
				0CD92F0121C19A2200480763 /* PlayerTableViewCell.swift */,
				0CC4B1FF21ED5D57003B6FBB /* MatchTableViewCell.swift */,
			);
			path = View;
			sourceTree = "<group>";
		};
		0CD92EF321C15FD600480763 /* Controller */ = {
			isa = PBXGroup;
			children = (
				0CD92EC021C15F8500480763 /* AppDelegate.swift */,
				F887E7E4281B47AC00C9F9E4 /* TLNavigationController.swift */,
				0CD92EF421C160B000480763 /* MainViewController.swift */,
				0CC4B1F721EC1B95003B6FBB /* ProfileViewController.swift */,
				0C5E779F21D6762A00E6BAC9 /* LadderViewController.swift */,
				0C5E779D21D6762A00E6BAC9 /* PlayerViewController.swift */,
				0C5E779C21D6762A00E6BAC9 /* ReportMatchViewController.swift */,
			);
			path = Controller;
			sourceTree = "<group>";
		};
		0CD92EFC21C18C6B00480763 /* Support */ = {
			isa = PBXGroup;
			children = (
				0CD92EFD21C18C8100480763 /* Extensions.swift */,
			);
			path = Support;
			sourceTree = "<group>";
		};
		1472E700A6F3942EADABB29E /* Frameworks */ = {
			isa = PBXGroup;
			children = (
				A83618983DD274FE9A2D8A1B /* Pods_TennisLadder.framework */,
			);
			name = Frameworks;
			sourceTree = "<group>";
		};
		A4FCBE9759D24AC95D403A16 /* Pods */ = {
			isa = PBXGroup;
			children = (
				4F9180E292F5EBAC27967091 /* Pods-TennisLadder.debug.xcconfig */,
				D4E4BB323CF0F78FCE102409 /* Pods-TennisLadder.release.xcconfig */,
			);
			name = Pods;
			sourceTree = "<group>";
		};
/* End PBXGroup section */

/* Begin PBXNativeTarget section */
		0CD92EBC21C15F8500480763 /* TennisLadder */ = {
			isa = PBXNativeTarget;
			buildConfigurationList = 0CD92EE821C15F8600480763 /* Build configuration list for PBXNativeTarget "TennisLadder" */;
			buildPhases = (
				EBD20C0CDE5501AD9475BAED /* [CP] Check Pods Manifest.lock */,
				0CD92EB921C15F8500480763 /* Sources */,
				0CD92EBA21C15F8500480763 /* Frameworks */,
				0CD92EBB21C15F8500480763 /* Resources */,
				6924DBEA6A6DAB54F168184C /* [CP] Embed Pods Frameworks */,
				58D21BD9A92FDEA56B4D91D0 /* [CP] Copy Pods Resources */,
			);
			buildRules = (
			);
			dependencies = (
			);
			name = TennisLadder;
			productName = Tennis;
			productReference = 0CD92EBD21C15F8500480763 /* TennisLadder.app */;
			productType = "com.apple.product-type.application";
		};
/* End PBXNativeTarget section */

/* Begin PBXProject section */
		0CD92EB521C15F8500480763 /* Project object */ = {
			isa = PBXProject;
			attributes = {
				LastSwiftUpdateCheck = 1010;
				LastUpgradeCheck = 1250;
				ORGANIZATIONNAME = "Z Tai";
				TargetAttributes = {
					0CD92EBC21C15F8500480763 = {
						CreatedOnToolsVersion = 10.1;
						LastSwiftMigration = 1020;
						SystemCapabilities = {
							com.apple.Push = {
								enabled = 1;
							};
						};
					};
				};
			};
			buildConfigurationList = 0CD92EB821C15F8500480763 /* Build configuration list for PBXProject "TennisLadder" */;
			compatibilityVersion = "Xcode 9.3";
			developmentRegion = en;
			hasScannedForEncodings = 0;
			knownRegions = (
				en,
				Base,
			);
			mainGroup = 0CD92EB421C15F8500480763;
			productRefGroup = 0CD92EBE21C15F8500480763 /* Products */;
			projectDirPath = "";
			projectRoot = "";
			targets = (
				0CD92EBC21C15F8500480763 /* TennisLadder */,
			);
		};
/* End PBXProject section */

/* Begin PBXResourcesBuildPhase section */
		0CD92EBB21C15F8500480763 /* Resources */ = {
			isa = PBXResourcesBuildPhase;
			buildActionMask = 2147483647;
			files = (
				0CD92ECE21C15F8600480763 /* LaunchScreen.storyboard in Resources */,
				7F12B61E21D83E4000B9019C /* GoogleService-Info.plist in Resources */,
				0CD92ECB21C15F8600480763 /* Assets.xcassets in Resources */,
				0CD92EC621C15F8500480763 /* Main.storyboard in Resources */,
			);
			runOnlyForDeploymentPostprocessing = 0;
		};
/* End PBXResourcesBuildPhase section */

/* Begin PBXShellScriptBuildPhase section */
		58D21BD9A92FDEA56B4D91D0 /* [CP] Copy Pods Resources */ = {
			isa = PBXShellScriptBuildPhase;
			buildActionMask = 2147483647;
			files = (
			);
			inputFileListPaths = (
				"${PODS_ROOT}/Target Support Files/Pods-TennisLadder/Pods-TennisLadder-resources-${CONFIGURATION}-input-files.xcfilelist",
			);
			name = "[CP] Copy Pods Resources";
			outputFileListPaths = (
				"${PODS_ROOT}/Target Support Files/Pods-TennisLadder/Pods-TennisLadder-resources-${CONFIGURATION}-output-files.xcfilelist",
			);
			runOnlyForDeploymentPostprocessing = 0;
			shellPath = /bin/sh;
			shellScript = "\"${PODS_ROOT}/Target Support Files/Pods-TennisLadder/Pods-TennisLadder-resources.sh\"\n";
			showEnvVarsInLog = 0;
		};
		6924DBEA6A6DAB54F168184C /* [CP] Embed Pods Frameworks */ = {
			isa = PBXShellScriptBuildPhase;
			buildActionMask = 2147483647;
			files = (
			);
			inputFileListPaths = (
				"${PODS_ROOT}/Target Support Files/Pods-TennisLadder/Pods-TennisLadder-frameworks-${CONFIGURATION}-input-files.xcfilelist",
			);
			name = "[CP] Embed Pods Frameworks";
			outputFileListPaths = (
				"${PODS_ROOT}/Target Support Files/Pods-TennisLadder/Pods-TennisLadder-frameworks-${CONFIGURATION}-output-files.xcfilelist",
			);
			runOnlyForDeploymentPostprocessing = 0;
			shellPath = /bin/sh;
			shellScript = "\"${PODS_ROOT}/Target Support Files/Pods-TennisLadder/Pods-TennisLadder-frameworks.sh\"\n";
			showEnvVarsInLog = 0;
		};
		EBD20C0CDE5501AD9475BAED /* [CP] Check Pods Manifest.lock */ = {
			isa = PBXShellScriptBuildPhase;
			buildActionMask = 2147483647;
			files = (
			);
			inputPaths = (
				"${PODS_PODFILE_DIR_PATH}/Podfile.lock",
				"${PODS_ROOT}/Manifest.lock",
			);
			name = "[CP] Check Pods Manifest.lock";
			outputPaths = (
				"$(DERIVED_FILE_DIR)/Pods-TennisLadder-checkManifestLockResult.txt",
			);
			runOnlyForDeploymentPostprocessing = 0;
			shellPath = /bin/sh;
			shellScript = "diff \"${PODS_PODFILE_DIR_PATH}/Podfile.lock\" \"${PODS_ROOT}/Manifest.lock\" > /dev/null\nif [ $? != 0 ] ; then\n    # print error to STDERR\n    echo \"error: The sandbox is not in sync with the Podfile.lock. Run 'pod install' or update your CocoaPods installation.\" >&2\n    exit 1\nfi\n# This output is used by Xcode 'outputs' to avoid re-running this script phase.\necho \"SUCCESS\" > \"${SCRIPT_OUTPUT_FILE_0}\"\n";
			showEnvVarsInLog = 0;
		};
/* End PBXShellScriptBuildPhase section */

/* Begin PBXSourcesBuildPhase section */
		0CD92EB921C15F8500480763 /* Sources */ = {
			isa = PBXSourcesBuildPhase;
			buildActionMask = 2147483647;
			files = (
				0C5E77A321D6762A00E6BAC9 /* LadderViewController.swift in Sources */,
				0CD92EFE21C18C8100480763 /* Extensions.swift in Sources */,
				0CACC7FB22222AF400D804E7 /* ProfileInfoTableViewCell.swift in Sources */,
				0C3CCE9E21CAB3A1005CBE57 /* Endpoints.swift in Sources */,
				0CC4B1F821EC1B95003B6FBB /* ProfileViewController.swift in Sources */,
				0CD92F0221C19A2200480763 /* PlayerTableViewCell.swift in Sources */,
				0CD92EFB21C1727500480763 /* LadderTableViewCell.swift in Sources */,
				0CD92EF921C16F0500480763 /* Ladder.swift in Sources */,
				0C5E77A121D6762A00E6BAC9 /* PlayerViewController.swift in Sources */,
				0CC4B20021ED5D57003B6FBB /* MatchTableViewCell.swift in Sources */,
				0CD92EC121C15F8500480763 /* AppDelegate.swift in Sources */,
				0CD92F0021C1921500480763 /* Player.swift in Sources */,
				F887E7E5281B47AC00C9F9E4 /* TLNavigationController.swift in Sources */,
				0CC4B1FC21EC3ED4003B6FBB /* TLUser.swift in Sources */,
				0C3AFFF321E53AB800360F8F /* ServerError.swift in Sources */,
				0CD92EF521C160B000480763 /* MainViewController.swift in Sources */,
				0C5E77A021D6762A00E6BAC9 /* ReportMatchViewController.swift in Sources */,
				0C3CCEA021CCA0F3005CBE57 /* Match.swift in Sources */,
			);
			runOnlyForDeploymentPostprocessing = 0;
		};
/* End PBXSourcesBuildPhase section */

/* Begin PBXVariantGroup section */
		0CD92EC421C15F8500480763 /* Main.storyboard */ = {
			isa = PBXVariantGroup;
			children = (
				0CD92EC521C15F8500480763 /* Base */,
			);
			name = Main.storyboard;
			sourceTree = "<group>";
		};
		0CD92ECC21C15F8600480763 /* LaunchScreen.storyboard */ = {
			isa = PBXVariantGroup;
			children = (
				0CD92ECD21C15F8600480763 /* Base */,
			);
			name = LaunchScreen.storyboard;
			sourceTree = "<group>";
		};
/* End PBXVariantGroup section */

/* Begin XCBuildConfiguration section */
		0CD92EE621C15F8600480763 /* Debug */ = {
			isa = XCBuildConfiguration;
			buildSettings = {
				ALWAYS_SEARCH_USER_PATHS = NO;
				CLANG_ANALYZER_NONNULL = YES;
				CLANG_ANALYZER_NUMBER_OBJECT_CONVERSION = YES_AGGRESSIVE;
				CLANG_CXX_LANGUAGE_STANDARD = "gnu++14";
				CLANG_CXX_LIBRARY = "libc++";
				CLANG_ENABLE_MODULES = YES;
				CLANG_ENABLE_OBJC_ARC = YES;
				CLANG_ENABLE_OBJC_WEAK = YES;
				CLANG_WARN_BLOCK_CAPTURE_AUTORELEASING = YES;
				CLANG_WARN_BOOL_CONVERSION = YES;
				CLANG_WARN_COMMA = YES;
				CLANG_WARN_CONSTANT_CONVERSION = YES;
				CLANG_WARN_DEPRECATED_OBJC_IMPLEMENTATIONS = YES;
				CLANG_WARN_DIRECT_OBJC_ISA_USAGE = YES_ERROR;
				CLANG_WARN_DOCUMENTATION_COMMENTS = YES;
				CLANG_WARN_EMPTY_BODY = YES;
				CLANG_WARN_ENUM_CONVERSION = YES;
				CLANG_WARN_INFINITE_RECURSION = YES;
				CLANG_WARN_INT_CONVERSION = YES;
				CLANG_WARN_NON_LITERAL_NULL_CONVERSION = YES;
				CLANG_WARN_OBJC_IMPLICIT_RETAIN_SELF = YES;
				CLANG_WARN_OBJC_LITERAL_CONVERSION = YES;
				CLANG_WARN_OBJC_ROOT_CLASS = YES_ERROR;
				CLANG_WARN_QUOTED_INCLUDE_IN_FRAMEWORK_HEADER = YES;
				CLANG_WARN_RANGE_LOOP_ANALYSIS = YES;
				CLANG_WARN_STRICT_PROTOTYPES = YES;
				CLANG_WARN_SUSPICIOUS_MOVE = YES;
				CLANG_WARN_UNGUARDED_AVAILABILITY = YES_AGGRESSIVE;
				CLANG_WARN_UNREACHABLE_CODE = YES;
				CLANG_WARN__DUPLICATE_METHOD_MATCH = YES;
				CODE_SIGN_IDENTITY = "iPhone Developer";
				COPY_PHASE_STRIP = NO;
				DEBUG_INFORMATION_FORMAT = dwarf;
				ENABLE_STRICT_OBJC_MSGSEND = YES;
				ENABLE_TESTABILITY = YES;
				GCC_C_LANGUAGE_STANDARD = gnu11;
				GCC_DYNAMIC_NO_PIC = NO;
				GCC_NO_COMMON_BLOCKS = YES;
				GCC_OPTIMIZATION_LEVEL = 0;
				GCC_PREPROCESSOR_DEFINITIONS = (
					"DEBUG=1",
					"$(inherited)",
				);
				GCC_WARN_64_TO_32_BIT_CONVERSION = YES;
				GCC_WARN_ABOUT_RETURN_TYPE = YES_ERROR;
				GCC_WARN_UNDECLARED_SELECTOR = YES;
				GCC_WARN_UNINITIALIZED_AUTOS = YES_AGGRESSIVE;
				GCC_WARN_UNUSED_FUNCTION = YES;
				GCC_WARN_UNUSED_VARIABLE = YES;
				IPHONEOS_DEPLOYMENT_TARGET = 12.1;
				MTL_ENABLE_DEBUG_INFO = INCLUDE_SOURCE;
				MTL_FAST_MATH = YES;
				ONLY_ACTIVE_ARCH = YES;
				SDKROOT = iphoneos;
				SWIFT_ACTIVE_COMPILATION_CONDITIONS = DEBUG;
				SWIFT_OPTIMIZATION_LEVEL = "-Onone";
			};
			name = Debug;
		};
		0CD92EE721C15F8600480763 /* Release */ = {
			isa = XCBuildConfiguration;
			buildSettings = {
				ALWAYS_SEARCH_USER_PATHS = NO;
				CLANG_ANALYZER_NONNULL = YES;
				CLANG_ANALYZER_NUMBER_OBJECT_CONVERSION = YES_AGGRESSIVE;
				CLANG_CXX_LANGUAGE_STANDARD = "gnu++14";
				CLANG_CXX_LIBRARY = "libc++";
				CLANG_ENABLE_MODULES = YES;
				CLANG_ENABLE_OBJC_ARC = YES;
				CLANG_ENABLE_OBJC_WEAK = YES;
				CLANG_WARN_BLOCK_CAPTURE_AUTORELEASING = YES;
				CLANG_WARN_BOOL_CONVERSION = YES;
				CLANG_WARN_COMMA = YES;
				CLANG_WARN_CONSTANT_CONVERSION = YES;
				CLANG_WARN_DEPRECATED_OBJC_IMPLEMENTATIONS = YES;
				CLANG_WARN_DIRECT_OBJC_ISA_USAGE = YES_ERROR;
				CLANG_WARN_DOCUMENTATION_COMMENTS = YES;
				CLANG_WARN_EMPTY_BODY = YES;
				CLANG_WARN_ENUM_CONVERSION = YES;
				CLANG_WARN_INFINITE_RECURSION = YES;
				CLANG_WARN_INT_CONVERSION = YES;
				CLANG_WARN_NON_LITERAL_NULL_CONVERSION = YES;
				CLANG_WARN_OBJC_IMPLICIT_RETAIN_SELF = YES;
				CLANG_WARN_OBJC_LITERAL_CONVERSION = YES;
				CLANG_WARN_OBJC_ROOT_CLASS = YES_ERROR;
				CLANG_WARN_QUOTED_INCLUDE_IN_FRAMEWORK_HEADER = YES;
				CLANG_WARN_RANGE_LOOP_ANALYSIS = YES;
				CLANG_WARN_STRICT_PROTOTYPES = YES;
				CLANG_WARN_SUSPICIOUS_MOVE = YES;
				CLANG_WARN_UNGUARDED_AVAILABILITY = YES_AGGRESSIVE;
				CLANG_WARN_UNREACHABLE_CODE = YES;
				CLANG_WARN__DUPLICATE_METHOD_MATCH = YES;
				CODE_SIGN_IDENTITY = "iPhone Developer";
				COPY_PHASE_STRIP = NO;
				DEBUG_INFORMATION_FORMAT = "dwarf-with-dsym";
				ENABLE_NS_ASSERTIONS = NO;
				ENABLE_STRICT_OBJC_MSGSEND = YES;
				GCC_C_LANGUAGE_STANDARD = gnu11;
				GCC_NO_COMMON_BLOCKS = YES;
				GCC_WARN_64_TO_32_BIT_CONVERSION = YES;
				GCC_WARN_ABOUT_RETURN_TYPE = YES_ERROR;
				GCC_WARN_UNDECLARED_SELECTOR = YES;
				GCC_WARN_UNINITIALIZED_AUTOS = YES_AGGRESSIVE;
				GCC_WARN_UNUSED_FUNCTION = YES;
				GCC_WARN_UNUSED_VARIABLE = YES;
				IPHONEOS_DEPLOYMENT_TARGET = 12.1;
				MTL_ENABLE_DEBUG_INFO = NO;
				MTL_FAST_MATH = YES;
				SDKROOT = iphoneos;
				SWIFT_COMPILATION_MODE = wholemodule;
				SWIFT_OPTIMIZATION_LEVEL = "-O";
				VALIDATE_PRODUCT = YES;
			};
			name = Release;
		};
		0CD92EE921C15F8600480763 /* Debug */ = {
			isa = XCBuildConfiguration;
			baseConfigurationReference = 4F9180E292F5EBAC27967091 /* Pods-TennisLadder.debug.xcconfig */;
			buildSettings = {
				ASSETCATALOG_COMPILER_APPICON_NAME = AppIcon;
				CODE_SIGN_ENTITLEMENTS = TennisLadder/TennisLadder.entitlements;
				CODE_SIGN_IDENTITY = "Apple Development";
				CODE_SIGN_STYLE = Automatic;
				CURRENT_PROJECT_VERSION = 5;
				DEVELOPMENT_TEAM = G9JN5J3VZ9;
				INFOPLIST_FILE = TennisLadder/Info.plist;
				IPHONEOS_DEPLOYMENT_TARGET = 13.0;
				LD_RUNPATH_SEARCH_PATHS = (
					"$(inherited)",
					"@executable_path/Frameworks",
				);
				MARKETING_VERSION = 2.8;
				PRODUCT_BUNDLE_IDENTIFIER = com.romrell4.tennisladder;
				PRODUCT_NAME = "$(TARGET_NAME)";
				PROVISIONING_PROFILE_SPECIFIER = "";
				SWIFT_VERSION = 5.0;
				TARGETED_DEVICE_FAMILY = 1;
			};
			name = Debug;
		};
		0CD92EEA21C15F8600480763 /* Release */ = {
			isa = XCBuildConfiguration;
			baseConfigurationReference = D4E4BB323CF0F78FCE102409 /* Pods-TennisLadder.release.xcconfig */;
			buildSettings = {
				ASSETCATALOG_COMPILER_APPICON_NAME = AppIcon;
				CODE_SIGN_ENTITLEMENTS = TennisLadder/TennisLadder.entitlements;
				CODE_SIGN_IDENTITY = "iPhone Distribution";
				CODE_SIGN_STYLE = Manual;
				CURRENT_PROJECT_VERSION = 5;
				DEVELOPMENT_TEAM = G9JN5J3VZ9;
				INFOPLIST_FILE = TennisLadder/Info.plist;
				IPHONEOS_DEPLOYMENT_TARGET = 13.0;
				LD_RUNPATH_SEARCH_PATHS = (
					"$(inherited)",
					"@executable_path/Frameworks",
				);
				MARKETING_VERSION = 2.8;
				PRODUCT_BUNDLE_IDENTIFIER = com.romrell4.tennisladder;
				PRODUCT_NAME = "$(TARGET_NAME)";
				PROVISIONING_PROFILE_SPECIFIER = "Tennis Ladder";
				SWIFT_VERSION = 5.0;
				TARGETED_DEVICE_FAMILY = 1;
			};
			name = Release;
		};
/* End XCBuildConfiguration section */

/* Begin XCConfigurationList section */
		0CD92EB821C15F8500480763 /* Build configuration list for PBXProject "TennisLadder" */ = {
			isa = XCConfigurationList;
			buildConfigurations = (
				0CD92EE621C15F8600480763 /* Debug */,
				0CD92EE721C15F8600480763 /* Release */,
			);
			defaultConfigurationIsVisible = 0;
			defaultConfigurationName = Release;
		};
		0CD92EE821C15F8600480763 /* Build configuration list for PBXNativeTarget "TennisLadder" */ = {
			isa = XCConfigurationList;
			buildConfigurations = (
				0CD92EE921C15F8600480763 /* Debug */,
				0CD92EEA21C15F8600480763 /* Release */,
			);
			defaultConfigurationIsVisible = 0;
			defaultConfigurationName = Release;
		};
/* End XCConfigurationList section */
	};
	rootObject = 0CD92EB521C15F8500480763 /* Project object */;
}
